
Microsoft Visual Studio Solution File, Format Version 12.00
# Visual Studio Version 17
VisualStudioVersion = 17.7.34031.279
MinimumVisualStudioVersion = 10.0.40219.1
Project("{FAE04EC0-301F-11D3-BF4B-00C04F79EFBC}") = "Lab02-04", "Lab02-04.csproj", "{E1E4D89C-BC6A-4F77-B259-82603EA98892}"
EndProject
Global
	GlobalSection(SolutionConfigurationPlatforms) = preSolution
		Debug|Any CPU = Debug|Any CPU
		Release|Any CPU = Release|Any CPU
	EndGlobalSection
	GlobalSection(ProjectConfigurationPlatforms) = postSolution
		{E1E4D89C-BC6A-4F77-B259-82603EA98892}.Debug|Any CPU.ActiveCfg = Debug|Any CPU
		{E1E4D89C-BC6A-4F77-B259-82603EA98892}.Debug|Any CPU.Build.0 = Debug|Any CPU
		{E1E4D89C-BC6A-4F77-B259-82603EA98892}.Release|Any CPU.ActiveCfg = Release|Any CPU
		{E1E4D89C-BC6A-4F77-B259-82603EA98892}.Release|Any CPU.Build.0 = Release|Any CPU
	EndGlobalSection
	GlobalSection(SolutionProperties) = preSolution
		HideSolutionNode = FALSE
	EndGlobalSection
	GlobalSection(ExtensibilityGlobals) = postSolution
		SolutionGuid = {2E75FAF1-09A2-441E-A342-0EBB893767D2}
	EndGlobalSection
EndGlobal
